# This file is generated by running "yarn install" inside your project.
# Manual changes might be lost - proceed with caution!

__metadata:
  version: 6
  cacheKey: 8

"@inversifyjs/common@npm:1.5.0":
  version: 1.5.0
  resolution: "@inversifyjs/common@npm:1.5.0"
  checksum: 3f4e484e45522684c0565399a4e4dc3fbd24133ee2405e6b8970e3188e3073765ae73331f3b0dd37a6df995c4537568650bcfec37ef386dc2dfdbdc89b839d80
  languageName: node
  linkType: hard

"@inversifyjs/container@npm:1.9.1":
  version: 1.9.1
  resolution: "@inversifyjs/container@npm:1.9.1"
  dependencies:
    "@inversifyjs/common": 1.5.0
    "@inversifyjs/core": 5.2.0
    "@inversifyjs/reflect-metadata-utils": 1.1.0
  peerDependencies:
    reflect-metadata: ~0.2.2
  checksum: 28b07029a6cce9d1fa73b1599fdbb800c6454903593e79e87d32966ed0f8acce4912fdb4c9ea7997b81c20638721cd5431d6cf39420eeb4a5021633017ca41e1
  languageName: node
  linkType: hard

"@inversifyjs/core@npm:5.2.0":
  version: 5.2.0
  resolution: "@inversifyjs/core@npm:5.2.0"
  dependencies:
    "@inversifyjs/common": 1.5.0
    "@inversifyjs/prototype-utils": 0.1.0
    "@inversifyjs/reflect-metadata-utils": 1.1.0
  checksum: cde7cca9c3183b7235025726f60244b85715b95ad2f3134b650b7aaa7d0097fa2b712d4065844c286327d281d02c4a98bdd43bdedc1b06811d440ab67689c394
  languageName: node
  linkType: hard

"@inversifyjs/prototype-utils@npm:0.1.0":
  version: 0.1.0
  resolution: "@inversifyjs/prototype-utils@npm:0.1.0"
  dependencies:
    "@inversifyjs/common": 1.5.0
  checksum: 91b6bcba9bbc2502aa24ce50352a38c88466cca6a1b6aca91099c1e3a162cec9e599eed393e0ead677963b7fd8f3de81ed81837d9bc020c68a1797407b6c2d4c
  languageName: node
  linkType: hard

"@inversifyjs/reflect-metadata-utils@npm:1.1.0":
  version: 1.1.0
  resolution: "@inversifyjs/reflect-metadata-utils@npm:1.1.0"
  peerDependencies:
    reflect-metadata: 0.2.2
  checksum: b543e34a0f70133239a5634635ec9567f8fe8c7f8501c01acdeb49c96777d1c6d0d680dfad5c67b4b823d1f4750f890621190da15486c9d814d698fff6bfef95
  languageName: node
  linkType: hard

"contracts.ts@github:qtvhao/Contracts.ts":
  version: 1.0.0
  resolution: "contracts.ts@https://github.com/qtvhao/Contracts.ts.git#commit=314ef282fb1a6cd4736a9d2781b3cf45d6b843bd"
  dependencies:
    inversify: ^7.5.1
  checksum: 70fb0ba312eb6487e71eae2837f637fb7488018423f5f4f6a15a33fae3fe0d221e84db71e0132d1f7f8973eeea69feadc639a4d365e05a7c2b97d54c9cb6e6e6
  languageName: node
  linkType: hard

"inversify@npm:^7.5.1":
  version: 7.5.1
  resolution: "inversify@npm:7.5.1"
  dependencies:
    "@inversifyjs/common": 1.5.0
    "@inversifyjs/container": 1.9.1
    "@inversifyjs/core": 5.2.0
  peerDependencies:
    reflect-metadata: ~0.2.2
  checksum: a4f6275d28c304600d1d4183e3b09c08cec4c804aed33ad4512e6fbfc239f4f67e065e9ca9278fd94f06d8fa71edafab117d619ef897167289df70231041307c
  languageName: node
  linkType: hard

"support.ts@workspace:.":
  version: 0.0.0-use.local
  resolution: "support.ts@workspace:."
  dependencies:
    contracts.ts: "github:qtvhao/Contracts.ts"
    inversify: ^7.5.1
  languageName: unknown
  linkType: soft
